
Microsoft Visual Studio Solution File, Format Version 12.00
# Visual Studio 15
VisualStudioVersion = 15.0.27703.2035
MinimumVisualStudioVersion = 10.0.40219.1
Project("{FAE04EC0-301F-11D3-BF4B-00C04F79EFBC}") = "CoinCombination", "CoinCombination\CoinCombination.csproj", "{59BBA695-A0A4-4CAF-A7BA-20DDC721CF3A}"
EndProject
Global
	GlobalSection(SolutionConfigurationPlatforms) = preSolution
		Debug|Any CPU = Debug|Any CPU
		Release|Any CPU = Release|Any CPU
	EndGlobalSection
	GlobalSection(ProjectConfigurationPlatforms) = postSolution
		{59BBA695-A0A4-4CAF-A7BA-20DDC721CF3A}.Debug|Any CPU.ActiveCfg = Debug|Any CPU
		{59BBA695-A0A4-4CAF-A7BA-20DDC721CF3A}.Debug|Any CPU.Build.0 = Debug|Any CPU
		{59BBA695-A0A4-4CAF-A7BA-20DDC721CF3A}.Release|Any CPU.ActiveCfg = Release|Any CPU
		{59BBA695-A0A4-4CAF-A7BA-20DDC721CF3A}.Release|Any CPU.Build.0 = Release|Any CPU
	EndGlobalSection
	GlobalSection(SolutionProperties) = preSolution
		HideSolutionNode = FALSE
	EndGlobalSection
	GlobalSection(ExtensibilityGlobals) = postSolution
		SolutionGuid = {340CFFDB-C798-459A-AD89-1B401400B964}
	EndGlobalSection
EndGlobal
